// !$*UTF8*$!
{
	archiveVersion = 1;
	classes = {
	};
	objectVersion = 46;
	objects = {

/* Begin PBXBuildFile section */
		81D6EAFF1E811DA400757F6A /* main.m in Sources */ = {isa = PBXBuildFile; fileRef = 81D6EAFE1E811DA400757F6A /* main.m */; };
		81D6EB021E811DA400757F6A /* AppDelegate.m in Sources */ = {isa = PBXBuildFile; fileRef = 81D6EB011E811DA400757F6A /* AppDelegate.m */; };
		81D6EB051E811DA400757F6A /* ViewController.m in Sources */ = {isa = PBXBuildFile; fileRef = 81D6EB041E811DA400757F6A /* ViewController.m */; };
		81D6EB081E811DA400757F6A /* Main.storyboard in Resources */ = {isa = PBXBuildFile; fileRef = 81D6EB061E811DA400757F6A /* Main.storyboard */; };
		81D6EB0A1E811DA400757F6A /* Assets.xcassets in Resources */ = {isa = PBXBuildFile; fileRef = 81D6EB091E811DA400757F6A /* Assets.xcassets */; };
		81D6EB0D1E811DA400757F6A /* LaunchScreen.storyboard in Resources */ = {isa = PBXBuildFile; fileRef = 81D6EB0B1E811DA400757F6A /* LaunchScreen.storyboard */; };
		81D6EB261E81203000757F6A /* include in Resources */ = {isa = PBXBuildFile; fileRef = 81D6EB251E81203000757F6A /* include */; };
		81D6EB281E81218600757F6A /* libspidersdk.a in Frameworks */ = {isa = PBXBuildFile; fileRef = 81D6EB271E81218600757F6A /* libspidersdk.a */; };
		81E168DA1E8B9B720059EF91 /* 1.png in Resources */ = {isa = PBXBuildFile; fileRef = 81E168D91E8B9B720059EF91 /* 1.png */; };
/* End PBXBuildFile section */

/* Begin PBXFileReference section */
		81D6EAFA1E811DA400757F6A /* dspider-demon.app */ = {isa = PBXFileReference; explicitFileType = wrapper.application; includeInIndex = 0; path = "dspider-demon.app"; sourceTree = BUILT_PRODUCTS_DIR; };
		81D6EAFE1E811DA400757F6A /* main.m */ = {isa = PBXFileReference; lastKnownFileType = sourcecode.c.objc; path = main.m; sourceTree = "<group>"; };
		81D6EB001E811DA400757F6A /* AppDelegate.h */ = {isa = PBXFileReference; lastKnownFileType = sourcecode.c.h; path = AppDelegate.h; sourceTree = "<group>"; };
		81D6EB011E811DA400757F6A /* AppDelegate.m */ = {isa = PBXFileReference; lastKnownFileType = sourcecode.c.objc; path = AppDelegate.m; sourceTree = "<group>"; };
		81D6EB031E811DA400757F6A /* ViewController.h */ = {isa = PBXFileReference; lastKnownFileType = sourcecode.c.h; path = ViewController.h; sourceTree = "<group>"; };
		81D6EB041E811DA400757F6A /* ViewController.m */ = {isa = PBXFileReference; lastKnownFileType = sourcecode.c.objc; path = ViewController.m; sourceTree = "<group>"; };
		81D6EB071E811DA400757F6A /* Base */ = {isa = PBXFileReference; lastKnownFileType = file.storyboard; name = Base; path = Base.lproj/Main.storyboard; sourceTree = "<group>"; };
		81D6EB091E811DA400757F6A /* Assets.xcassets */ = {isa = PBXFileReference; lastKnownFileType = folder.assetcatalog; path = Assets.xcassets; sourceTree = "<group>"; };
		81D6EB0C1E811DA400757F6A /* Base */ = {isa = PBXFileReference; lastKnownFileType = file.storyboard; name = Base; path = Base.lproj/LaunchScreen.storyboard; sourceTree = "<group>"; };
		81D6EB0E1E811DA400757F6A /* Info.plist */ = {isa = PBXFileReference; lastKnownFileType = text.plist.xml; path = Info.plist; sourceTree = "<group>"; };
		81D6EB251E81203000757F6A /* include */ = {isa = PBXFileReference; lastKnownFileType = folder; path = include; sourceTree = "<group>"; };
		81D6EB271E81218600757F6A /* libspidersdk.a */ = {isa = PBXFileReference; lastKnownFileType = archive.ar; path = libspidersdk.a; sourceTree = "<group>"; };
		81E168D91E8B9B720059EF91 /* 1.png */ = {isa = PBXFileReference; lastKnownFileType = image.png; path = 1.png; sourceTree = "<group>"; };
/* End PBXFileReference section */

/* Begin PBXFrameworksBuildPhase section */
		81D6EAF71E811DA400757F6A /* Frameworks */ = {
			isa = PBXFrameworksBuildPhase;
			buildActionMask = 2147483647;
			files = (
				81D6EB281E81218600757F6A /* libspidersdk.a in Frameworks */,
			);
			runOnlyForDeploymentPostprocessing = 0;
		};
/* End PBXFrameworksBuildPhase section */

/* Begin PBXGroup section */
		81D6EAF11E811DA400757F6A = {
			isa = PBXGroup;
			children = (
				81D6EAFC1E811DA400757F6A /* dspider-demon */,
				81D6EAFB1E811DA400757F6A /* Products */,
			);
			sourceTree = "<group>";
		};
		81D6EAFB1E811DA400757F6A /* Products */ = {
			isa = PBXGroup;
			children = (
				81D6EAFA1E811DA400757F6A /* dspider-demon.app */,
			);
			name = Products;
			sourceTree = "<group>";
		};
		81D6EAFC1E811DA400757F6A /* dspider-demon */ = {
			isa = PBXGroup;
			children = (
				81E168D81E8B99140059EF91 /* screenshots */,
				81D6EB271E81218600757F6A /* libspidersdk.a */,
				81D6EB251E81203000757F6A /* include */,
				81D6EB001E811DA400757F6A /* AppDelegate.h */,
				81D6EB011E811DA400757F6A /* AppDelegate.m */,
				81D6EB031E811DA400757F6A /* ViewController.h */,
				81D6EB041E811DA400757F6A /* ViewController.m */,
				81D6EB061E811DA400757F6A /* Main.storyboard */,
				81D6EB091E811DA400757F6A /* Assets.xcassets */,
				81D6EB0B1E811DA400757F6A /* LaunchScreen.storyboard */,
				81D6EB0E1E811DA400757F6A /* Info.plist */,
				81D6EAFD1E811DA400757F6A /* Supporting Files */,
			);
			path = "dspider-demon";
			sourceTree = "<group>";
		};
		81D6EAFD1E811DA400757F6A /* Supporting Files */ = {
			isa = PBXGroup;
			children = (
				81D6EAFE1E811DA400757F6A /* main.m */,
			);
			name = "Supporting Files";
			sourceTree = "<group>";
		};
		81E168D81E8B99140059EF91 /* screenshots */ = {
			isa = PBXGroup;
			children = (
				81E168D91E8B9B720059EF91 /* 1.png */,
			);
			name = screenshots;
			sourceTree = "<group>";
		};
/* End PBXGroup section */

/* Begin PBXNativeTarget section */
		81D6EAF91E811DA400757F6A /* dspider-demon */ = {
			isa = PBXNativeTarget;
			buildConfigurationList = 81D6EB111E811DA400757F6A /* Build configuration list for PBXNativeTarget "dspider-demon" */;
			buildPhases = (
				81D6EAF61E811DA400757F6A /* Sources */,
				81D6EAF71E811DA400757F6A /* Frameworks */,
				81D6EAF81E811DA400757F6A /* Resources */,
			);
			buildRules = (
			);
			dependencies = (
			);
			name = "dspider-demon";
			productName = "dspider-demon";
			productReference = 81D6EAFA1E811DA400757F6A /* dspider-demon.app */;
			productType = "com.apple.product-type.application";
		};
/* End PBXNativeTarget section */

/* Begin PBXProject section */
		81D6EAF21E811DA400757F6A /* Project object */ = {
			isa = PBXProject;
			attributes = {
				LastUpgradeCheck = 0820;
				ORGANIZATIONNAME = wendu;
				TargetAttributes = {
					81D6EAF91E811DA400757F6A = {
						CreatedOnToolsVersion = 8.2.1;
						DevelopmentTeam = XTLLEQZMD7;
						ProvisioningStyle = Automatic;
					};
				};
			};
			buildConfigurationList = 81D6EAF51E811DA400757F6A /* Build configuration list for PBXProject "dspider-demon" */;
			compatibilityVersion = "Xcode 3.2";
			developmentRegion = English;
			hasScannedForEncodings = 0;
			knownRegions = (
				en,
				Base,
			);
			mainGroup = 81D6EAF11E811DA400757F6A;
			productRefGroup = 81D6EAFB1E811DA400757F6A /* Products */;
			projectDirPath = "";
			projectRoot = "";
			targets = (
				81D6EAF91E811DA400757F6A /* dspider-demon */,
			);
		};
/* End PBXProject section */

/* Begin PBXResourcesBuildPhase section */
		81D6EAF81E811DA400757F6A /* Resources */ = {
			isa = PBXResourcesBuildPhase;
			buildActionMask = 2147483647;
			files = (
				81D6EB0D1E811DA400757F6A /* LaunchScreen.storyboard in Resources */,
				81D6EB0A1E811DA400757F6A /* Assets.xcassets in Resources */,
				81D6EB081E811DA400757F6A /* Main.storyboard in Resources */,
				81D6EB261E81203000757F6A /* include in Resources */,
				81E168DA1E8B9B720059EF91 /* 1.png in Resources */,
			);
			runOnlyForDeploymentPostprocessing = 0;
		};
/* End PBXResourcesBuildPhase section */

/* Begin PBXSourcesBuildPhase section */
		81D6EAF61E811DA400757F6A /* Sources */ = {
			isa = PBXSourcesBuildPhase;
			buildActionMask = 2147483647;
			files = (
				81D6EB051E811DA400757F6A /* ViewController.m in Sources */,
				81D6EB021E811DA400757F6A /* AppDelegate.m in Sources */,
				81D6EAFF1E811DA400757F6A /* main.m in Sources */,
			);
			runOnlyForDeploymentPostprocessing = 0;
		};
/* End PBXSourcesBuildPhase section */

/* Begin PBXVariantGroup section */
		81D6EB061E811DA400757F6A /* Main.storyboard */ = {
			isa = PBXVariantGroup;
			children = (
				81D6EB071E811DA400757F6A /* Base */,
			);
			name = Main.storyboard;
			sourceTree = "<group>";
		};
		81D6EB0B1E811DA400757F6A /* LaunchScreen.storyboard */ = {
			isa = PBXVariantGroup;
			children = (
				81D6EB0C1E811DA400757F6A /* Base */,
			);
			name = LaunchScreen.storyboard;
			sourceTree = "<group>";
		};
/* End PBXVariantGroup section */

/* Begin XCBuildConfiguration section */
		81D6EB0F1E811DA400757F6A /* Debug */ = {
			isa = XCBuildConfiguration;
			buildSettings = {
				ALWAYS_SEARCH_USER_PATHS = NO;
				CLANG_ANALYZER_NONNULL = YES;
				CLANG_CXX_LANGUAGE_STANDARD = "gnu++0x";
				CLANG_CXX_LIBRARY = "libc++";
				CLANG_ENABLE_MODULES = YES;
				CLANG_ENABLE_OBJC_ARC = YES;
				CLANG_WARN_BOOL_CONVERSION = YES;
				CLANG_WARN_CONSTANT_CONVERSION = YES;
				CLANG_WARN_DIRECT_OBJC_ISA_USAGE = YES_ERROR;
				CLANG_WARN_DOCUMENTATION_COMMENTS = YES;
				CLANG_WARN_EMPTY_BODY = YES;
				CLANG_WARN_ENUM_CONVERSION = YES;
				CLANG_WARN_INFINITE_RECURSION = YES;
				CLANG_WARN_INT_CONVERSION = YES;
				CLANG_WARN_OBJC_ROOT_CLASS = YES_ERROR;
				CLANG_WARN_SUSPICIOUS_MOVE = YES;
				CLANG_WARN_UNREACHABLE_CODE = YES;
				CLANG_WARN__DUPLICATE_METHOD_MATCH = YES;
				"CODE_SIGN_IDENTITY[sdk=iphoneos*]" = "iPhone Developer";
				COPY_PHASE_STRIP = NO;
				DEBUG_INFORMATION_FORMAT = dwarf;
				ENABLE_STRICT_OBJC_MSGSEND = YES;
				ENABLE_TESTABILITY = YES;
				GCC_C_LANGUAGE_STANDARD = gnu99;
				GCC_DYNAMIC_NO_PIC = NO;
				GCC_NO_COMMON_BLOCKS = YES;
				GCC_OPTIMIZATION_LEVEL = 0;
				GCC_PREPROCESSOR_DEFINITIONS = (
					"DEBUG=1",
					"$(inherited)",
				);
				GCC_WARN_64_TO_32_BIT_CONVERSION = YES;
				GCC_WARN_ABOUT_RETURN_TYPE = YES_ERROR;
				GCC_WARN_UNDECLARED_SELECTOR = YES;
				GCC_WARN_UNINITIALIZED_AUTOS = YES_AGGRESSIVE;
				GCC_WARN_UNUSED_FUNCTION = YES;
				GCC_WARN_UNUSED_VARIABLE = YES;
				IPHONEOS_DEPLOYMENT_TARGET = 10.2;
				MTL_ENABLE_DEBUG_INFO = YES;
				ONLY_ACTIVE_ARCH = YES;
				SDKROOT = iphoneos;
			};
			name = Debug;
		};
		81D6EB101E811DA400757F6A /* Release */ = {
			isa = XCBuildConfiguration;
			buildSettings = {
				ALWAYS_SEARCH_USER_PATHS = NO;
				CLANG_ANALYZER_NONNULL = YES;
				CLANG_CXX_LANGUAGE_STANDARD = "gnu++0x";
				CLANG_CXX_LIBRARY = "libc++";
				CLANG_ENABLE_MODULES = YES;
				CLANG_ENABLE_OBJC_ARC = YES;
				CLANG_WARN_BOOL_CONVERSION = YES;
				CLANG_WARN_CONSTANT_CONVERSION = YES;
				CLANG_WARN_DIRECT_OBJC_ISA_USAGE = YES_ERROR;
				CLANG_WARN_DOCUMENTATION_COMMENTS = YES;
				CLANG_WARN_EMPTY_BODY = YES;
				CLANG_WARN_ENUM_CONVERSION = YES;
				CLANG_WARN_INFINITE_RECURSION = YES;
				CLANG_WARN_INT_CONVERSION = YES;
				CLANG_WARN_OBJC_ROOT_CLASS = YES_ERROR;
				CLANG_WARN_SUSPICIOUS_MOVE = YES;
				CLANG_WARN_UNREACHABLE_CODE = YES;
				CLANG_WARN__DUPLICATE_METHOD_MATCH = YES;
				"CODE_SIGN_IDENTITY[sdk=iphoneos*]" = "iPhone Developer";
				COPY_PHASE_STRIP = NO;
				DEBUG_INFORMATION_FORMAT = "dwarf-with-dsym";
				ENABLE_NS_ASSERTIONS = NO;
				ENABLE_STRICT_OBJC_MSGSEND = YES;
				GCC_C_LANGUAGE_STANDARD = gnu99;
				GCC_NO_COMMON_BLOCKS = YES;
				GCC_WARN_64_TO_32_BIT_CONVERSION = YES;
				GCC_WARN_ABOUT_RETURN_TYPE = YES_ERROR;
				GCC_WARN_UNDECLARED_SELECTOR = YES;
				GCC_WARN_UNINITIALIZED_AUTOS = YES_AGGRESSIVE;
				GCC_WARN_UNUSED_FUNCTION = YES;
				GCC_WARN_UNUSED_VARIABLE = YES;
				IPHONEOS_DEPLOYMENT_TARGET = 10.2;
				MTL_ENABLE_DEBUG_INFO = NO;
				SDKROOT = iphoneos;
				VALIDATE_PRODUCT = YES;
			};
			name = Release;
		};
		81D6EB121E811DA400757F6A /* Debug */ = {
			isa = XCBuildConfiguration;
			buildSettings = {
				ASSETCATALOG_COMPILER_APPICON_NAME = AppIcon;
				DEVELOPMENT_TEAM = XTLLEQZMD7;
				INFOPLIST_FILE = "dspider-demon/Info.plist";
				IPHONEOS_DEPLOYMENT_TARGET = 8.0;
				LD_RUNPATH_SEARCH_PATHS = "$(inherited) @executable_path/Frameworks";
				LIBRARY_SEARCH_PATHS = (
					"$(inherited)",
					"$(PROJECT_DIR)/dspider-demon",
				);
				PRODUCT_BUNDLE_IDENTIFIER = wendu.spider;
				PRODUCT_NAME = "$(TARGET_NAME)";
			};
			name = Debug;
		};
		81D6EB131E811DA400757F6A /* Release */ = {
			isa = XCBuildConfiguration;
			buildSettings = {
				ASSETCATALOG_COMPILER_APPICON_NAME = AppIcon;
				DEVELOPMENT_TEAM = XTLLEQZMD7;
				INFOPLIST_FILE = "dspider-demon/Info.plist";
				IPHONEOS_DEPLOYMENT_TARGET = 8.0;
				LD_RUNPATH_SEARCH_PATHS = "$(inherited) @executable_path/Frameworks";
				LIBRARY_SEARCH_PATHS = (
					"$(inherited)",
					"$(PROJECT_DIR)/dspider-demon",
				);
				PRODUCT_BUNDLE_IDENTIFIER = wendu.spider;
				PRODUCT_NAME = "$(TARGET_NAME)";
			};
			name = Release;
		};
/* End XCBuildConfiguration section */

/* Begin XCConfigurationList section */
		81D6EAF51E811DA400757F6A /* Build configuration list for PBXProject "dspider-demon" */ = {
			isa = XCConfigurationList;
			buildConfigurations = (
				81D6EB0F1E811DA400757F6A /* Debug */,
				81D6EB101E811DA400757F6A /* Release */,
			);
			defaultConfigurationIsVisible = 0;
			defaultConfigurationName = Release;
		};
		81D6EB111E811DA400757F6A /* Build configuration list for PBXNativeTarget "dspider-demon" */ = {
			isa = XCConfigurationList;
			buildConfigurations = (
				81D6EB121E811DA400757F6A /* Debug */,
				81D6EB131E811DA400757F6A /* Release */,
			);
			defaultConfigurationIsVisible = 0;
			defaultConfigurationName = Release;
		};
/* End XCConfigurationList section */
	};
	rootObject = 81D6EAF21E811DA400757F6A /* Project object */;
}
